github.com/meyskens/where-is-the-es v0.0.0-20260519114022-9aa2ea0348d9 h1:brUszE+uj+KW7CU8s/ZBQgEeoha6Gt/Z+7fCGFF6dAM=
github.com/meyskens/where-is-the-es v0.0.0-20260519114022-9aa2ea0348d9/go.mod h1:j2OWkR7OuUBvIFDh7KCa4vDE2g6J+3mrfWlrI/gB75A=
golang.org/x/time v0.15.0 h1:bbrp8t3bGUeFOx08pvsMYRTCVSMk89u4tKbNOZbp88U=
golang.org/x/time v0.15.0/go.mod h1:Y4YMaQmXwGQZoFaVFk4YpCt4FLQMYKZe9oeV/f4MSno=
